<?xml version="1.0" encoding="utf-8"?>
<Project ToolsVersion="4.0" xmlns="http://schemas.microsoft.com/developer/msbuild/2003">
  <ItemGroup>
    <ClCompile Include="main.cpp">
      <Filter>源文件</Filter>
    </ClCompile>
    <ClCompile Include="pch.cpp">
      <Filter>源文件</Filter>
    </ClCompile>
    <ClCompile Include="Main Window.cpp">
      <Filter>源文件\Window</Filter>
    </ClCompile>
  </ItemGroup>
  <ItemGroup>
    <ClInclude Include="pch.h">
      <Filter>头文件</Filter>
    </ClInclude>
    <ClInclude Include="main.h">
      <Filter>头文件</Filter>
    </ClInclude>
    <ClInclude Include="Main Window.h">
      <Filter>头文件\Window</Filter>
    </ClInclude>
    <ClInclude Include="CircleObject.h">
      <Filter>头文件\Layout</Filter>
    </ClInclude>
  </ItemGroup>
  <ItemGroup>
    <Filter Include="源文件">
      <UniqueIdentifier>{eab15a9d-cc33-4594-99f8-2a4b7353dba5}</UniqueIdentifier>
    </Filter>
    <Filter Include="源文件\Window">
      <UniqueIdentifier>{6ba6cb10-2bf5-48b9-8528-ec64ea6cbe51}</UniqueIdentifier>
    </Filter>
    <Filter Include="头文件">
      <UniqueIdentifier>{31077bea-473e-42aa-ac50-e8a724c2a0a4}</UniqueIdentifier>
    </Filter>
    <Filter Include="头文件\Window">
      <UniqueIdentifier>{4640c591-1404-4a95-a908-52117643c644}</UniqueIdentifier>
    </Filter>
    <Filter Include="资源文件">
      <UniqueIdentifier>{0d4108a3-0e76-4166-8b67-9c015096f66e}</UniqueIdentifier>
    </Filter>
    <Filter Include="头文件\Layout">
      <UniqueIdentifier>{28dd2f16-e9b6-424a-925f-28de8bae0fd5}</UniqueIdentifier>
    </Filter>
  </ItemGroup>
</Project>